<?xml version="1.0" encoding="utf-8"?>
<Project ToolsVersion="4.0" xmlns="http://schemas.microsoft.com/developer/msbuild/2003">
  <ItemGroup>
    <Filter Include="Source Files">
      <UniqueIdentifier>{4FC737F1-C7A5-4376-A066-2A32D752A2FF}</UniqueIdentifier>
      <Extensions>cpp;c;cc;cxx;def;odl;idl;hpj;bat;asm;asmx</Extensions>
    </Filter>
    <Filter Include="Header Files">
      <UniqueIdentifier>{93995380-89BD-4b04-88EB-625FBE52EBFB}</UniqueIdentifier>
      <Extensions>h;hpp;hxx;hm;inl;inc;xsd</Extensions>
    </Filter>
    <Filter Include="Resource Files">
      <UniqueIdentifier>{67DA6AB6-F800-4c08-8B7A-83BB121AAD01}</UniqueIdentifier>
      <Extensions>rc;ico;cur;bmp;dlg;rc2;rct;bin;rgs;gif;jpg;jpeg;jpe;resx;tiff;tif;png;wav</Extensions>
    </Filter>
    <Filter Include="Header Files\Common">
      <UniqueIdentifier>{3f0e9c18-52d7-442a-90f5-bbd872b9ecb7}</UniqueIdentifier>
    </Filter>
    <Filter Include="Source Files\Common">
      <UniqueIdentifier>{1ded7afd-62c4-4541-80f0-1925ab49f070}</UniqueIdentifier>
    </Filter>
    <Filter Include="Mesher">
      <UniqueIdentifier>{5215196c-f216-4253-acd9-926b21da0272}</UniqueIdentifier>
    </Filter>
    <Filter Include="Geometry">
      <UniqueIdentifier>{224f6884-8e82-4056-ae2b-d28d0b98384e}</UniqueIdentifier>
    </Filter>
    <Filter Include="Logger">
      <UniqueIdentifier>{b68ef2d2-d492-4755-9f20-c067674ed482}</UniqueIdentifier>
    </Filter>
  </ItemGroup>
  <ItemGroup>
    <ClCompile Include="ChildView.cpp">
      <Filter>Source Files</Filter>
    </ClCompile>
    <ClCompile Include="EMMASrv.cpp">
      <Filter>Source Files</Filter>
    </ClCompile>
    <ClCompile Include="MainFrm.cpp">
      <Filter>Source Files</Filter>
    </ClCompile>
    <ClCompile Include="stdafx.cpp">
      <Filter>Source Files</Filter>
    </ClCompile>
    <ClCompile Include="TaskManager.cpp">
      <Filter>Source Files</Filter>
    </ClCompile>
    <ClCompile Include="..\..\Common\2DBCAtom.cpp">
      <Filter>Source Files\Common</Filter>
    </ClCompile>
    <ClCompile Include="..\..\Common\2DMesh.cpp">
      <Filter>Source Files\Common</Filter>
    </ClCompile>
    <ClCompile Include="..\..\Common\2DMotion.cpp">
      <Filter>Source Files\Common</Filter>
    </ClCompile>
    <ClCompile Include="..\..\Common\2DOutline.cpp">
      <Filter>Source Files\Common</Filter>
    </ClCompile>
    <ClCompile Include="..\..\Common\2DPlaneFEM.cpp">
      <Filter>Source Files\Common</Filter>
    </ClCompile>
    <ClCompile Include="..\..\Common\2DPoint.cpp">
      <Filter>Source Files\Common</Filter>
    </ClCompile>
    <ClCompile Include="..\..\Common\2DPolygonBuilder.cpp">
      <Filter>Source Files\Common</Filter>
    </ClCompile>
    <ClCompile Include="..\..\Common\2DPressure.cpp">
      <Filter>Source Files\Common</Filter>
    </ClCompile>
    <ClCompile Include="..\..\Common\2DRigid.cpp">
      <Filter>Source Files\Common</Filter>
    </ClCompile>
    <ClCompile Include="..\..\Common\2DScale.cpp">
      <Filter>Source Files\Common</Filter>
    </ClCompile>
    <ClCompile Include="..\..\Common\2DSide.cpp">
      <Filter>Source Files\Common</Filter>
    </ClCompile>
    <ClCompile Include="..\..\Common\2DSymmetry.cpp">
      <Filter>Source Files\Common</Filter>
    </ClCompile>
    <ClCompile Include="..\..\Common\2DTask.cpp">
      <Filter>Source Files\Common</Filter>
    </ClCompile>
    <ClCompile Include="..\..\Common\3DBCAtom.cpp">
      <Filter>Source Files\Common</Filter>
    </ClCompile>
    <ClCompile Include="..\..\Common\3DPoint.cpp">
      <Filter>Source Files\Common</Filter>
    </ClCompile>
    <ClCompile Include="..\..\Common\GLFont.cpp">
      <Filter>Source Files\Common</Filter>
    </ClCompile>
    <ClCompile Include="..\..\Common\BandMatrix.cpp">
      <Filter>Source Files\Common</Filter>
    </ClCompile>
    <ClCompile Include="..\..\Common\Color.cpp">
      <Filter>Source Files\Common</Filter>
    </ClCompile>
    <ClCompile Include="..\..\Common\ColorScale.cpp">
      <Filter>Source Files\Common</Filter>
    </ClCompile>
    <ClCompile Include="..\..\Common\CustomArray.cpp">
      <Filter>Source Files\Common</Filter>
    </ClCompile>
    <ClCompile Include="..\..\Common\FolderWork.cpp">
      <Filter>Source Files\Common</Filter>
    </ClCompile>
    <ClCompile Include="..\..\Common\Function.cpp">
      <Filter>Source Files\Common</Filter>
    </ClCompile>
    <ClCompile Include="..\..\Common\IOInterface.cpp">
      <Filter>Source Files\Common</Filter>
    </ClCompile>
    <ClCompile Include="..\..\Common\ITask.cpp">
      <Filter>Source Files\Common</Filter>
    </ClCompile>
    <ClCompile Include="..\..\Common\Material.cpp">
      <Filter>Source Files\Common</Filter>
    </ClCompile>
    <ClCompile Include="..\..\Common\SimpleMath.cpp">
      <Filter>Source Files\Common</Filter>
    </ClCompile>
    <ClCompile Include="..\..\Common\SLAE.cpp">
      <Filter>Source Files\Common</Filter>
    </ClCompile>
    <ClCompile Include="..\..\Common\Startup.cpp">
      <Filter>Source Files\Common</Filter>
    </ClCompile>
    <ClCompile Include="..\..\Common\Strings.cpp">
      <Filter>Source Files\Common</Filter>
    </ClCompile>
    <ClCompile Include="..\..\Common\IOFiles.cpp">
      <Filter>Source Files\Common</Filter>
    </ClCompile>
    <ClCompile Include="..\..\Common\Logger\AdvancedLogger.cpp">
      <Filter>Logger</Filter>
    </ClCompile>
    <ClCompile Include="..\..\Common\Logger\Logger.cpp">
      <Filter>Logger</Filter>
    </ClCompile>
    <ClCompile Include="..\..\Common\2DScaleVisualizer.cpp">
      <Filter>Source Files\Common</Filter>
    </ClCompile>
    <ClCompile Include="..\..\Common\GLParam.cpp">
      <Filter>Source Files\Common</Filter>
    </ClCompile>
    <ClCompile Include="..\..\Common\3DPlaneFEM.cpp">
      <Filter>Source Files\Common</Filter>
    </ClCompile>
    <ClCompile Include="..\..\Common\DlgShowError.cpp">
      <Filter>Source Files\Common</Filter>
    </ClCompile>
    <ClCompile Include="..\..\Common\Mesher\Concentration.cpp">
      <Filter>Mesher</Filter>
    </ClCompile>
    <ClCompile Include="..\..\Common\Mesher\Clot.cpp">
      <Filter>Mesher</Filter>
    </ClCompile>
    <ClCompile Include="..\..\Common\Mesher\Globals.cpp">
      <Filter>Mesher</Filter>
    </ClCompile>
    <ClCompile Include="..\..\Common\Mesher\LineStrip.cpp">
      <Filter>Mesher</Filter>
    </ClCompile>
    <ClCompile Include="..\..\Common\Mesher\Mesh.cpp">
      <Filter>Mesher</Filter>
    </ClCompile>
    <ClCompile Include="..\..\Common\Mesher\RibLine.cpp">
      <Filter>Mesher</Filter>
    </ClCompile>
    <ClCompile Include="..\..\Common\Geometry\GeometryUtils.cpp">
      <Filter>Geometry</Filter>
    </ClCompile>
    <ClCompile Include="..\..\Common\Geometry\robust_predicates.c">
      <Filter>Geometry</Filter>
    </ClCompile>
    <ClCompile Include="..\..\Common\Geometry\GeometryPrimitives.cpp">
      <Filter>Geometry</Filter>
    </ClCompile>
    <ClCompile Include="..\..\Common\Geometry\Mesher.cpp">
      <Filter>Geometry</Filter>
    </ClCompile>
    <ClCompile Include="..\..\Common\Geometry\MeshOptimizer.cpp">
      <Filter>Geometry</Filter>
    </ClCompile>
    <ClCompile Include="..\..\Common\Geometry\P51 root finder.cpp">
      <Filter>Geometry</Filter>
    </ClCompile>
    <ClCompile Include="..\..\Common\Geometry\Polynomial.cpp">
      <Filter>Geometry</Filter>
    </ClCompile>
  </ItemGroup>
  <ItemGroup>
    <ClInclude Include="ChildView.h">
      <Filter>Header Files</Filter>
    </ClInclude>
    <ClInclude Include="EMMASrv.h">
      <Filter>Header Files</Filter>
    </ClInclude>
    <ClInclude Include="MainFrm.h">
      <Filter>Header Files</Filter>
    </ClInclude>
    <ClInclude Include="Resource.h">
      <Filter>Header Files</Filter>
    </ClInclude>
    <ClInclude Include="stdafx.h">
      <Filter>Header Files</Filter>
    </ClInclude>
    <ClInclude Include="targetver.h">
      <Filter>Header Files</Filter>
    </ClInclude>
    <ClInclude Include="TaskManager.h">
      <Filter>Header Files</Filter>
    </ClInclude>
    <ClInclude Include="..\..\Common\2DBCAtom.h">
      <Filter>Header Files\Common</Filter>
    </ClInclude>
    <ClInclude Include="..\..\Common\2DMesh.h">
      <Filter>Header Files\Common</Filter>
    </ClInclude>
    <ClInclude Include="..\..\Common\2DMotion.h">
      <Filter>Header Files\Common</Filter>
    </ClInclude>
    <ClInclude Include="..\..\Common\2DOutline.h">
      <Filter>Header Files\Common</Filter>
    </ClInclude>
    <ClInclude Include="..\..\Common\2DPlaneFEM.h">
      <Filter>Header Files\Common</Filter>
    </ClInclude>
    <ClInclude Include="..\..\Common\2DPoint.h">
      <Filter>Header Files\Common</Filter>
    </ClInclude>
    <ClInclude Include="..\..\Common\2DPolygonBuilder.h">
      <Filter>Header Files\Common</Filter>
    </ClInclude>
    <ClInclude Include="..\..\Common\2DPressure.h">
      <Filter>Header Files\Common</Filter>
    </ClInclude>
    <ClInclude Include="..\..\Common\2DRigid.h">
      <Filter>Header Files\Common</Filter>
    </ClInclude>
    <ClInclude Include="..\..\Common\2DScale.h">
      <Filter>Header Files\Common</Filter>
    </ClInclude>
    <ClInclude Include="..\..\Common\2DSide.h">
      <Filter>Header Files\Common</Filter>
    </ClInclude>
    <ClInclude Include="..\..\Common\2DSymmetry.h">
      <Filter>Header Files\Common</Filter>
    </ClInclude>
    <ClInclude Include="..\..\Common\2DTask.h">
      <Filter>Header Files\Common</Filter>
    </ClInclude>
    <ClInclude Include="..\..\Common\3DBCAtom.h">
      <Filter>Header Files\Common</Filter>
    </ClInclude>
    <ClInclude Include="..\..\Common\3DPlaneFEM.h">
      <Filter>Header Files\Common</Filter>
    </ClInclude>
    <ClInclude Include="..\..\Common\3DPoint.h">
      <Filter>Header Files\Common</Filter>
    </ClInclude>
    <ClInclude Include="..\..\Common\AllTypes.h">
      <Filter>Header Files\Common</Filter>
    </ClInclude>
    <ClInclude Include="..\..\Common\BandMatrix.h">
      <Filter>Header Files\Common</Filter>
    </ClInclude>
    <ClInclude Include="..\..\Common\Color.h">
      <Filter>Header Files\Common</Filter>
    </ClInclude>
    <ClInclude Include="..\..\Common\ColorScale.h">
      <Filter>Header Files\Common</Filter>
    </ClInclude>
    <ClInclude Include="..\..\Common\CustomArray.h">
      <Filter>Header Files\Common</Filter>
    </ClInclude>
    <ClInclude Include="..\..\Common\Factory.h">
      <Filter>Header Files\Common</Filter>
    </ClInclude>
    <ClInclude Include="..\..\Common\FolderWork.h">
      <Filter>Header Files\Common</Filter>
    </ClInclude>
    <ClInclude Include="..\..\Common\Function.h">
      <Filter>Header Files\Common</Filter>
    </ClInclude>
    <ClInclude Include="..\..\Common\InteractiveObject.h">
      <Filter>Header Files\Common</Filter>
    </ClInclude>
    <ClInclude Include="..\..\Common\IOInterface.h">
      <Filter>Header Files\Common</Filter>
    </ClInclude>
    <ClInclude Include="..\..\Common\Material.h">
      <Filter>Header Files\Common</Filter>
    </ClInclude>
    <ClInclude Include="..\..\Common\ITask.h">
      <Filter>Header Files\Common</Filter>
    </ClInclude>
    <ClInclude Include="..\..\Common\SimpleManager.h">
      <Filter>Header Files\Common</Filter>
    </ClInclude>
    <ClInclude Include="..\..\Common\SimpleMath.h">
      <Filter>Header Files\Common</Filter>
    </ClInclude>
    <ClInclude Include="..\..\Common\Singleton.h">
      <Filter>Header Files\Common</Filter>
    </ClInclude>
    <ClInclude Include="..\..\Common\SLAE.h">
      <Filter>Header Files\Common</Filter>
    </ClInclude>
    <ClInclude Include="..\..\Common\Startup.h">
      <Filter>Header Files\Common</Filter>
    </ClInclude>
    <ClInclude Include="..\..\Common\Strings.h">
      <Filter>Header Files\Common</Filter>
    </ClInclude>
    <ClInclude Include="..\..\Common\GLFont.h">
      <Filter>Header Files\Common</Filter>
    </ClInclude>
    <ClInclude Include="..\..\Common\I2DInteractiveObject.h">
      <Filter>Header Files\Common</Filter>
    </ClInclude>
    <ClInclude Include="..\..\Common\IOFiles.h">
      <Filter>Header Files\Common</Filter>
    </ClInclude>
    <ClInclude Include="..\..\Common\2DScaleVisualizer.h">
      <Filter>Header Files\Common</Filter>
    </ClInclude>
    <ClInclude Include="..\..\Common\GLParam.h">
      <Filter>Header Files\Common</Filter>
    </ClInclude>
    <ClInclude Include="..\..\Common\DlgShowError.h">
      <Filter>Header Files\Common</Filter>
    </ClInclude>
    <ClInclude Include="..\..\Common\Mesher\Concentration.h">
      <Filter>Mesher</Filter>
    </ClInclude>
    <ClInclude Include="..\..\Common\Mesher\Clot.h">
      <Filter>Mesher</Filter>
    </ClInclude>
    <ClInclude Include="..\..\Common\Mesher\Globals.h">
      <Filter>Mesher</Filter>
    </ClInclude>
    <ClInclude Include="..\..\Common\Mesher\LineStrip.h">
      <Filter>Mesher</Filter>
    </ClInclude>
    <ClInclude Include="..\..\Common\Mesher\Mesh.h">
      <Filter>Mesher</Filter>
    </ClInclude>
    <ClInclude Include="..\..\Common\Mesher\RibLine.h">
      <Filter>Mesher</Filter>
    </ClInclude>
    <ClInclude Include="..\..\Common\Geometry\GeometryUtils.h">
      <Filter>Geometry</Filter>
    </ClInclude>
    <ClInclude Include="..\..\Common\Geometry\Utils.h">
      <Filter>Geometry</Filter>
    </ClInclude>
    <ClInclude Include="..\..\Common\Geometry\GeometryPrimitives.h">
      <Filter>Geometry</Filter>
    </ClInclude>
    <ClInclude Include="..\..\Common\I3DInteractiveObject.h">
      <Filter>Header Files\Common</Filter>
    </ClInclude>
    <ClInclude Include="..\..\Common\Logger\AdvancedLogger.h">
      <Filter>Logger</Filter>
    </ClInclude>
    <ClInclude Include="..\..\Common\Logger\Logger.h">
      <Filter>Logger</Filter>
    </ClInclude>
    <ClInclude Include="..\..\Common\ResourceCommon.h">
      <Filter>Header Files\Common</Filter>
    </ClInclude>
    <ClInclude Include="..\..\Common\Geometry\FEMlibrary.h">
      <Filter>Geometry</Filter>
    </ClInclude>
    <ClInclude Include="..\..\Common\Geometry\includes.h">
      <Filter>Geometry</Filter>
    </ClInclude>
    <ClInclude Include="..\..\Common\Geometry\Mesher.h">
      <Filter>Geometry</Filter>
    </ClInclude>
    <ClInclude Include="..\..\Common\Geometry\MeshOptimizer.h">
      <Filter>Geometry</Filter>
    </ClInclude>
    <ClInclude Include="..\..\Common\Geometry\P51 root finder.h">
      <Filter>Geometry</Filter>
    </ClInclude>
    <ClInclude Include="..\..\Common\Geometry\Polynomial.h">
      <Filter>Geometry</Filter>
    </ClInclude>
  </ItemGroup>
  <ItemGroup>
    <None Include="res\emma.ico">
      <Filter>Resource Files</Filter>
    </None>
    <None Include="res\EMMASrv.ico">
      <Filter>Resource Files</Filter>
    </None>
    <None Include="res\EMMASrv.rc2">
      <Filter>Resource Files</Filter>
    </None>
    <None Include="res\icon1.ico">
      <Filter>Resource Files</Filter>
    </None>
    <None Include="ReadMe.txt" />
  </ItemGroup>
  <ItemGroup>
    <ResourceCompile Include="EMMASrv.rc">
      <Filter>Resource Files</Filter>
    </ResourceCompile>
    <ResourceCompile Include="..\..\Common\ResourceCommon.rc">
      <Filter>Resource Files</Filter>
    </ResourceCompile>
  </ItemGroup>
</Project>